
Microsoft Visual Studio Solution File, Format Version 12.00
# Visual Studio 2013
VisualStudioVersion = 12.0.21005.1
MinimumVisualStudioVersion = 10.0.40219.1
Project("{FAE04EC0-301F-11D3-BF4B-00C04F79EFBC}") = "CQSS.Pay.BLL", "CQSS.Pay.BLL\CQSS.Pay.BLL.csproj", "{C62118FA-CC3C-4D63-AF6E-F14BAF793DDB}"
EndProject
Project("{FAE04EC0-301F-11D3-BF4B-00C04F79EFBC}") = "CQSS.Pay.Model", "CQSS.Pay.Model\CQSS.Pay.Model.csproj", "{8D06B30F-D4CB-47E6-9790-9D9BFBDB831D}"
EndProject
Project("{FAE04EC0-301F-11D3-BF4B-00C04F79EFBC}") = "CQSS.Pay.DAL", "CQSS.Pay.DAL\CQSS.Pay.DAL.csproj", "{499C4424-A656-4037-8865-459FDD871619}"
EndProject
Project("{FAE04EC0-301F-11D3-BF4B-00C04F79EFBC}") = "CQSS.Pay.Util", "CQSS.Pay.Util\CQSS.Pay.Util.csproj", "{E81F0EA6-D510-49F1-80B3-2DAC590C819F}"
EndProject
Project("{FAE04EC0-301F-11D3-BF4B-00C04F79EFBC}") = "CQSS.Pay.Web", "CQSS.Pay.Web\CQSS.Pay.Web.csproj", "{8C6B7429-A0DD-4ABD-AE83-93F82E77FF44}"
EndProject
Global
	GlobalSection(SolutionConfigurationPlatforms) = preSolution
		Debug|Any CPU = Debug|Any CPU
		Release|Any CPU = Release|Any CPU
	EndGlobalSection
	GlobalSection(ProjectConfigurationPlatforms) = postSolution
		{C62118FA-CC3C-4D63-AF6E-F14BAF793DDB}.Debug|Any CPU.ActiveCfg = Debug|Any CPU
		{C62118FA-CC3C-4D63-AF6E-F14BAF793DDB}.Debug|Any CPU.Build.0 = Debug|Any CPU
		{C62118FA-CC3C-4D63-AF6E-F14BAF793DDB}.Release|Any CPU.ActiveCfg = Release|Any CPU
		{C62118FA-CC3C-4D63-AF6E-F14BAF793DDB}.Release|Any CPU.Build.0 = Release|Any CPU
		{8D06B30F-D4CB-47E6-9790-9D9BFBDB831D}.Debug|Any CPU.ActiveCfg = Debug|Any CPU
		{8D06B30F-D4CB-47E6-9790-9D9BFBDB831D}.Debug|Any CPU.Build.0 = Debug|Any CPU
		{8D06B30F-D4CB-47E6-9790-9D9BFBDB831D}.Release|Any CPU.ActiveCfg = Release|Any CPU
		{8D06B30F-D4CB-47E6-9790-9D9BFBDB831D}.Release|Any CPU.Build.0 = Release|Any CPU
		{499C4424-A656-4037-8865-459FDD871619}.Debug|Any CPU.ActiveCfg = Debug|Any CPU
		{499C4424-A656-4037-8865-459FDD871619}.Debug|Any CPU.Build.0 = Debug|Any CPU
		{499C4424-A656-4037-8865-459FDD871619}.Release|Any CPU.ActiveCfg = Release|Any CPU
		{499C4424-A656-4037-8865-459FDD871619}.Release|Any CPU.Build.0 = Release|Any CPU
		{E81F0EA6-D510-49F1-80B3-2DAC590C819F}.Debug|Any CPU.ActiveCfg = Debug|Any CPU
		{E81F0EA6-D510-49F1-80B3-2DAC590C819F}.Debug|Any CPU.Build.0 = Debug|Any CPU
		{E81F0EA6-D510-49F1-80B3-2DAC590C819F}.Release|Any CPU.ActiveCfg = Release|Any CPU
		{E81F0EA6-D510-49F1-80B3-2DAC590C819F}.Release|Any CPU.Build.0 = Release|Any CPU
		{8C6B7429-A0DD-4ABD-AE83-93F82E77FF44}.Debug|Any CPU.ActiveCfg = Debug|Any CPU
		{8C6B7429-A0DD-4ABD-AE83-93F82E77FF44}.Debug|Any CPU.Build.0 = Debug|Any CPU
		{8C6B7429-A0DD-4ABD-AE83-93F82E77FF44}.Release|Any CPU.ActiveCfg = Release|Any CPU
		{8C6B7429-A0DD-4ABD-AE83-93F82E77FF44}.Release|Any CPU.Build.0 = Release|Any CPU
	EndGlobalSection
	GlobalSection(SolutionProperties) = preSolution
		HideSolutionNode = FALSE
	EndGlobalSection
EndGlobal
